PODS:
  - Adjust (4.31.0):
    - Adjust/Core (= 4.31.0)
  - Adjust/Core (4.31.0)
  - adjust_sdk (4.31.0):
    - Adjust (= 4.31.0)
    - Flutter
  - Ads-Global/BUAdSDK_Compatible (6.2.0.6):
    - Ads-Global/Dep_Compatible
  - Ads-Global/Dep_Compatible (6.2.0.6):
    - BURelyFoundation_Global/Pangle (~> 1.0.0.6)
  - app_settings (5.1.1):
    - Flutter
  - applovin_max (3.9.2):
    - AppLovinSDK (= 12.4.1)
    - Flutter
  - AppLovinMediationBigoAdsAdapter (4.5.1.0):
    - AppLovinSDK (>= 12.4.1)
    - BigoADS (= 4.5.1)
  - AppLovinMediationByteDanceAdapter (6.2.0.7.1):
    - Ads-Global/BUAdSDK_Compatible (= 6.2.0.6)
    - AppLovinSDK
  - AppLovinMediationChartboostAdapter (9.7.0.1):
    - AppLovinSDK
    - ChartboostSDK (= 9.7.0)
  - AppLovinMediationFacebookAdapter (6.15.2.0):
    - AppLovinSDK
    - FBAudienceNetwork (= 6.15.2)
  - AppLovinMediationFyberAdapter (8.3.2.0):
    - AppLovinSDK
    - Fyber_Marketplace_SDK (= 8.3.2)
  - AppLovinMediationGoogleAdapter (11.8.0.0):
    - AppLovinSDK
    - Google-Mobile-Ads-SDK (= 11.8.0)
  - AppLovinMediationGoogleAdManagerAdapter (11.9.0.0):
    - AppLovinSDK
    - Google-Mobile-Ads-SDK (= 11.8.0)
  - AppLovinMediationInMobiAdapter (10.7.5.0):
    - AppLovinSDK
    - InMobiSDK (= 10.7.5)
  - AppLovinMediationIronSourceAdapter (8.3.0.0.0):
    - AppLovinSDK
    - IronSourceSDK (= 8.3.0.0)
  - AppLovinMediationMintegralAdapter (7.7.2.0.0):
    - AppLovinSDK
    - MintegralAdSDK (= 7.7.2)
    - MintegralAdSDK/BidSplashAd (= 7.7.2)
  - AppLovinMediationMolocoAdapter (3.1.3.0):
    - AppLovinSDK (>= 12.3.0)
    - MolocoSDKiOS (= 3.1.3)
  - AppLovinMediationUnityAdsAdapter (4.12.2.0):
    - AppLovinSDK
    - UnityAds (= 4.12.2)
  - AppLovinMediationVungleAdapter (7.4.1.0):
    - AppLovinSDK
    - VungleAds (= 7.4.1)
  - AppLovinSDK (12.4.1)
  - BigoADS (4.5.1)
  - BURelyFoundation_Global/AFNetworking (1.0.0.6)
  - BURelyFoundation_Global/APM (1.0.0.6)
  - BURelyFoundation_Global/Foundation (1.0.0.6):
    - BURelyFoundation_Global/NETWork
  - BURelyFoundation_Global/Gecko (1.0.0.6):
    - BURelyFoundation_Global/Foundation
  - BURelyFoundation_Global/Header (1.0.0.6)
  - BURelyFoundation_Global/NETWork (1.0.0.6):
    - BURelyFoundation_Global/AFNetworking
  - BURelyFoundation_Global/Pangle (1.0.0.6):
    - BURelyFoundation_Global/AFNetworking
    - BURelyFoundation_Global/APM
    - BURelyFoundation_Global/Foundation
    - BURelyFoundation_Global/Gecko
    - BURelyFoundation_Global/Header
    - BURelyFoundation_Global/NETWork
    - BURelyFoundation_Global/SDWebImage
    - BURelyFoundation_Global/YYModel
    - BURelyFoundation_Global/ZFPlayer
    - BURelyFoundation_Global/Zip
  - BURelyFoundation_Global/SDWebImage (1.0.0.6):
    - BURelyFoundation_Global/Foundation
  - BURelyFoundation_Global/YYModel (1.0.0.6)
  - BURelyFoundation_Global/ZFPlayer (1.0.0.6):
    - BURelyFoundation_Global/Foundation
    - BURelyFoundation_Global/Zip
  - BURelyFoundation_Global/Zip (1.0.0.6):
    - BURelyFoundation_Global/Foundation
  - ChartboostSDK (9.7.0)
  - facebook_app_events (0.0.1):
    - FBAudienceNetwork (~> 6.15)
    - FBSDKCoreKit (~> 17.0)
    - Flutter
  - FBAEMKit (17.0.3):
    - FBSDKCoreKit_Basics (= 17.0.3)
  - FBAudienceNetwork (6.15.2)
  - FBSDKCoreKit (17.0.3):
    - FBAEMKit (= 17.0.3)
    - FBSDKCoreKit_Basics (= 17.0.3)
  - FBSDKCoreKit_Basics (17.0.3)
  - Firebase/CoreOnly (10.29.0):
    - FirebaseCore (= 10.29.0)
  - Firebase/RemoteConfig (10.29.0):
    - Firebase/CoreOnly
    - FirebaseRemoteConfig (~> 10.29.0)
  - firebase_core (3.3.0):
    - Firebase/CoreOnly (= 10.29.0)
    - Flutter
  - firebase_remote_config (5.0.4):
    - Firebase/RemoteConfig (= 10.29.0)
    - firebase_core
    - Flutter
  - FirebaseABTesting (10.29.0):
    - FirebaseCore (~> 10.0)
  - FirebaseCore (10.29.0):
    - FirebaseCoreInternal (~> 10.0)
    - GoogleUtilities/Environment (~> 7.12)
    - GoogleUtilities/Logger (~> 7.12)
  - FirebaseCoreInternal (10.29.0):
    - "GoogleUtilities/NSData+zlib (~> 7.8)"
  - FirebaseInstallations (10.29.0):
    - FirebaseCore (~> 10.0)
    - GoogleUtilities/Environment (~> 7.8)
    - GoogleUtilities/UserDefaults (~> 7.8)
    - PromisesObjC (~> 2.1)
  - FirebaseRemoteConfig (10.29.0):
    - FirebaseABTesting (~> 10.0)
    - FirebaseCore (~> 10.0)
    - FirebaseInstallations (~> 10.0)
    - FirebaseRemoteConfigInterop (~> 10.23)
    - FirebaseSharedSwift (~> 10.0)
    - GoogleUtilities/Environment (~> 7.8)
    - "GoogleUtilities/NSData+zlib (~> 7.8)"
  - FirebaseRemoteConfigInterop (10.29.0)
  - FirebaseSharedSwift (10.29.0)
  - Flutter (1.0.0)
  - flutter_app_lifecycle (0.0.1):
    - Flutter
  - flutter_check_adjust_cloak (0.0.1):
    - Flutter
  - flutter_local_notifications (0.0.1):
    - Flutter
  - flutter_max_ad (0.0.1):
    - Flutter
  - flutter_tba_info (0.0.1):
    - Flutter
  - fluttertoast (0.0.2):
    - Flutter
    - Toast
  - Fyber_Marketplace_SDK (8.3.2)
  - Google-Mobile-Ads-SDK (11.8.0):
    - GoogleUserMessagingPlatform (>= 1.1)
  - GoogleUserMessagingPlatform (2.6.0)
  - GoogleUtilities/Environment (7.13.3):
    - GoogleUtilities/Privacy
    - PromisesObjC (< 3.0, >= 1.2)
  - GoogleUtilities/Logger (7.13.3):
    - GoogleUtilities/Environment
    - GoogleUtilities/Privacy
  - "GoogleUtilities/NSData+zlib (7.13.3)":
    - GoogleUtilities/Privacy
  - GoogleUtilities/Privacy (7.13.3)
  - GoogleUtilities/UserDefaults (7.13.3):
    - GoogleUtilities/Logger
    - GoogleUtilities/Privacy
  - in_app_review (0.2.0):
    - Flutter
  - InMobiSDK (10.7.5)
  - IronSourceSDK (8.3.0.0)
  - MintegralAdSDK (7.7.2):
    - MintegralAdSDK/BannerAd (= 7.7.2)
    - MintegralAdSDK/BidBannerAd (= 7.7.2)
    - MintegralAdSDK/BidInterstitialVideoAd (= 7.7.2)
    - MintegralAdSDK/BidNativeAd (= 7.7.2)
    - MintegralAdSDK/BidNewInterstitialAd (= 7.7.2)
    - MintegralAdSDK/BidRewardVideoAd (= 7.7.2)
    - MintegralAdSDK/InterstitialVideoAd (= 7.7.2)
    - MintegralAdSDK/NativeAd (= 7.7.2)
    - MintegralAdSDK/NewInterstitialAd (= 7.7.2)
    - MintegralAdSDK/RewardVideoAd (= 7.7.2)
  - MintegralAdSDK/BannerAd (7.7.2):
    - MintegralAdSDK/NativeAd
  - MintegralAdSDK/BidBannerAd (7.7.2):
    - MintegralAdSDK/BannerAd
    - MintegralAdSDK/BidNativeAd
  - MintegralAdSDK/BidInterstitialVideoAd (7.7.2):
    - MintegralAdSDK/BidNativeAd
    - MintegralAdSDK/InterstitialVideoAd
  - MintegralAdSDK/BidNativeAd (7.7.2):
    - MintegralAdSDK/NativeAd
  - MintegralAdSDK/BidNewInterstitialAd (7.7.2):
    - MintegralAdSDK/BidNativeAd
    - MintegralAdSDK/NewInterstitialAd
  - MintegralAdSDK/BidRewardVideoAd (7.7.2):
    - MintegralAdSDK/BidNativeAd
    - MintegralAdSDK/RewardVideoAd
  - MintegralAdSDK/BidSplashAd (7.7.2):
    - MintegralAdSDK/BidNativeAd
    - MintegralAdSDK/SplashAd
  - MintegralAdSDK/InterstitialVideoAd (7.7.2):
    - MintegralAdSDK/NativeAd
  - MintegralAdSDK/NativeAd (7.7.2)
  - MintegralAdSDK/NewInterstitialAd (7.7.2):
    - MintegralAdSDK/InterstitialVideoAd
    - MintegralAdSDK/NativeAd
  - MintegralAdSDK/RewardVideoAd (7.7.2):
    - MintegralAdSDK/NativeAd
  - MintegralAdSDK/SplashAd (7.7.2):
    - MintegralAdSDK/NativeAd
  - MolocoSDKiOS (3.1.3)
  - path_provider_foundation (0.0.1):
    - Flutter
    - FlutterMacOS
  - PromisesObjC (2.4.0)
  - sqflite (0.0.3):
    - Flutter
    - FlutterMacOS
  - Toast (4.1.1)
  - UnityAds (4.12.2)
  - url_launcher_ios (0.0.1):
    - Flutter
  - VungleAds (7.4.1)

DEPENDENCIES:
  - adjust_sdk (from `.symlinks/plugins/adjust_sdk/ios`)
  - app_settings (from `.symlinks/plugins/app_settings/ios`)
  - applovin_max (from `.symlinks/plugins/applovin_max/ios`)
  - AppLovinMediationBigoAdsAdapter
  - AppLovinMediationByteDanceAdapter
  - AppLovinMediationChartboostAdapter
  - AppLovinMediationFacebookAdapter
  - AppLovinMediationFyberAdapter
  - AppLovinMediationGoogleAdapter
  - AppLovinMediationGoogleAdManagerAdapter
  - AppLovinMediationInMobiAdapter
  - AppLovinMediationIronSourceAdapter
  - AppLovinMediationMintegralAdapter
  - AppLovinMediationMolocoAdapter
  - AppLovinMediationUnityAdsAdapter
  - AppLovinMediationVungleAdapter
  - facebook_app_events (from `.symlinks/plugins/facebook_app_events/ios`)
  - firebase_core (from `.symlinks/plugins/firebase_core/ios`)
  - firebase_remote_config (from `.symlinks/plugins/firebase_remote_config/ios`)
  - Flutter (from `Flutter`)
  - flutter_app_lifecycle (from `.symlinks/plugins/flutter_app_lifecycle/ios`)
  - flutter_check_adjust_cloak (from `.symlinks/plugins/flutter_check_adjust_cloak/ios`)
  - flutter_local_notifications (from `.symlinks/plugins/flutter_local_notifications/ios`)
  - flutter_max_ad (from `.symlinks/plugins/flutter_max_ad/ios`)
  - flutter_tba_info (from `.symlinks/plugins/flutter_tba_info/ios`)
  - fluttertoast (from `.symlinks/plugins/fluttertoast/ios`)
  - in_app_review (from `.symlinks/plugins/in_app_review/ios`)
  - path_provider_foundation (from `.symlinks/plugins/path_provider_foundation/darwin`)
  - sqflite (from `.symlinks/plugins/sqflite/darwin`)
  - url_launcher_ios (from `.symlinks/plugins/url_launcher_ios/ios`)

SPEC REPOS:
  trunk:
    - Adjust
    - Ads-Global
    - AppLovinMediationBigoAdsAdapter
    - AppLovinMediationByteDanceAdapter
    - AppLovinMediationChartboostAdapter
    - AppLovinMediationFacebookAdapter
    - AppLovinMediationFyberAdapter
    - AppLovinMediationGoogleAdapter
    - AppLovinMediationGoogleAdManagerAdapter
    - AppLovinMediationInMobiAdapter
    - AppLovinMediationIronSourceAdapter
    - AppLovinMediationMintegralAdapter
    - AppLovinMediationMolocoAdapter
    - AppLovinMediationUnityAdsAdapter
    - AppLovinMediationVungleAdapter
    - AppLovinSDK
    - BigoADS
    - BURelyFoundation_Global
    - ChartboostSDK
    - FBAEMKit
    - FBAudienceNetwork
    - FBSDKCoreKit
    - FBSDKCoreKit_Basics
    - Firebase
    - FirebaseABTesting
    - FirebaseCore
    - FirebaseCoreInternal
    - FirebaseInstallations
    - FirebaseRemoteConfig
    - FirebaseRemoteConfigInterop
    - FirebaseSharedSwift
    - Fyber_Marketplace_SDK
    - Google-Mobile-Ads-SDK
    - GoogleUserMessagingPlatform
    - GoogleUtilities
    - InMobiSDK
    - IronSourceSDK
    - MintegralAdSDK
    - MolocoSDKiOS
    - PromisesObjC
    - Toast
    - UnityAds
    - VungleAds

EXTERNAL SOURCES:
  adjust_sdk:
    :path: ".symlinks/plugins/adjust_sdk/ios"
  app_settings:
    :path: ".symlinks/plugins/app_settings/ios"
  applovin_max:
    :path: ".symlinks/plugins/applovin_max/ios"
  facebook_app_events:
    :path: ".symlinks/plugins/facebook_app_events/ios"
  firebase_core:
    :path: ".symlinks/plugins/firebase_core/ios"
  firebase_remote_config:
    :path: ".symlinks/plugins/firebase_remote_config/ios"
  Flutter:
    :path: Flutter
  flutter_app_lifecycle:
    :path: ".symlinks/plugins/flutter_app_lifecycle/ios"
  flutter_check_adjust_cloak:
    :path: ".symlinks/plugins/flutter_check_adjust_cloak/ios"
  flutter_local_notifications:
    :path: ".symlinks/plugins/flutter_local_notifications/ios"
  flutter_max_ad:
    :path: ".symlinks/plugins/flutter_max_ad/ios"
  flutter_tba_info:
    :path: ".symlinks/plugins/flutter_tba_info/ios"
  fluttertoast:
    :path: ".symlinks/plugins/fluttertoast/ios"
  in_app_review:
    :path: ".symlinks/plugins/in_app_review/ios"
  path_provider_foundation:
    :path: ".symlinks/plugins/path_provider_foundation/darwin"
  sqflite:
    :path: ".symlinks/plugins/sqflite/darwin"
  url_launcher_ios:
    :path: ".symlinks/plugins/url_launcher_ios/ios"

SPEC CHECKSUMS:
  Adjust: 8d4c9da5bb1d161db5d35dd091e34a641c9511ef
  adjust_sdk: 5e02361d2ccc4b1fd9dcd9a9fffa744b17f65f28
  Ads-Global: cf90e5dfbbc4c07ef7096a15f818bf11caf4f2da
  app_settings: 017320c6a680cdc94c799949d95b84cb69389ebc
  applovin_max: f4c696080f11d8c361c7130ca1a6af8c144b99d8
  AppLovinMediationBigoAdsAdapter: 8608d4bfe7d8d7d3d5445cd9d49e3fbb8525fa05
  AppLovinMediationByteDanceAdapter: db16a553d3511cd583d75552adb3a8bd91802b70
  AppLovinMediationChartboostAdapter: a97b3e22897d260b02e96f3121236bbf325446a2
  AppLovinMediationFacebookAdapter: 0bebbe6e56573474c0e77b981b31c88424d67a18
  AppLovinMediationFyberAdapter: ae404422b2d182770678bb66ce9eee6dbca2dae1
  AppLovinMediationGoogleAdapter: 573c0ae4e9eed3e0c92575269ad55fcabca328c0
  AppLovinMediationGoogleAdManagerAdapter: 089dbf5d0b030f1168a96d425eef3d7e35dc8980
  AppLovinMediationInMobiAdapter: 243dfe62770bda5925167f100fb81c4a3414c035
  AppLovinMediationIronSourceAdapter: c6e08a8ab04757f55bfc375c190661fce4d20840
  AppLovinMediationMintegralAdapter: 1fe155e8384dc0ad383eb4f8f70810bf639777d6
  AppLovinMediationMolocoAdapter: cf6594ec674a5b7e2da4f78b1713e562212ed6f1
  AppLovinMediationUnityAdsAdapter: cfe80f88affb4bacb9a93b39ea5fcad45205bfe8
  AppLovinMediationVungleAdapter: 7f092e3527007637dfb90ba816aa6d96e208d319
  AppLovinSDK: c57ad0d34625c971d2db127f8ef60570b28ff51a
  BigoADS: ee4a4bc66c66d9872bb8c5866cb195ac21f81d9e
  BURelyFoundation_Global: 17faee76affe097bd20b422fe829f9f90ed10e25
  ChartboostSDK: 0cd093c90a5a21c89783fe5be486e511fb2dbfc8
  facebook_app_events: acb7c266406d3e3592bcf846d7184172ecfd6492
  FBAEMKit: 9900b2edd99a2d21629a6277e6166f14c6215799
  FBAudienceNetwork: 2457a89b45e2596241fd81b0c2fd8cb6f6053869
  FBSDKCoreKit: 0791f8f68a8630931a4c12aa23a56cc021551596
  FBSDKCoreKit_Basics: 46d6b472c0dd0a5a7e972c025033d1c567f54eb4
  Firebase: cec914dab6fd7b1bd8ab56ea07ce4e03dd251c2d
  firebase_core: 57aeb91680e5d5e6df6b888064be7c785f146efb
  firebase_remote_config: 622c7e72a9349b7db48658ea902d9f2f1f2d7aaa
  FirebaseABTesting: d87f56707159bae64e269757a6e963d490f2eebe
  FirebaseCore: 30e9c1cbe3d38f5f5e75f48bfcea87d7c358ec16
  FirebaseCoreInternal: df84dd300b561c27d5571684f389bf60b0a5c934
  FirebaseInstallations: 913cf60d0400ebd5d6b63a28b290372ab44590dd
  FirebaseRemoteConfig: 48ef3f243742a8d72422ccfc9f986e19d7de53fd
  FirebaseRemoteConfigInterop: 6efda51fb5e2f15b16585197e26eaa09574e8a4d
  FirebaseSharedSwift: 20530f495084b8d840f78a100d8c5ee613375f6e
  Flutter: e0871f40cf51350855a761d2e70bf5af5b9b5de7
  flutter_app_lifecycle: 8dcf95e3e3db994b040426a60863db32d200094d
  flutter_check_adjust_cloak: c90834c085c430a930f35c60069cb2a1e386efc9
  flutter_local_notifications: 4cde75091f6327eb8517fa068a0a5950212d2086
  flutter_max_ad: 5db00d299b263bfcd559c02a630cdc4d29f7c8df
  flutter_tba_info: a8d28bab6ac4832dc4f3e8375e6a1adba8efe235
  fluttertoast: e9a18c7be5413da53898f660530c56f35edfba9c
  Fyber_Marketplace_SDK: 215c2020efd507c0e97f40871e96a26918f8986e
  Google-Mobile-Ads-SDK: c1c53687b572122c5b0bdaf354335bbf40fd81ef
  GoogleUserMessagingPlatform: 0c3a08353e53ce8c2feab7addd0b652cde522450
  GoogleUtilities: ea963c370a38a8069cc5f7ba4ca849a60b6d7d15
  in_app_review: 318597b3a06c22bb46dc454d56828c85f444f99d
  InMobiSDK: 728c861e41cd738eaf0a26b87f0e3f945e8c5602
  IronSourceSDK: 2dbbc8b9d20cbc4a60901e07e0aa5f3bf6a15d9a
  MintegralAdSDK: 7e05f9ab5f555b7049435a9477d457d7bf9b5473
  MolocoSDKiOS: d48ca7fe798bf17b3e990d4508e79c48c14b72f0
  path_provider_foundation: 2b6b4c569c0fb62ec74538f866245ac84301af46
  PromisesObjC: f5707f49cb48b9636751c5b2e7d227e43fba9f47
  sqflite: 673a0e54cc04b7d6dba8d24fb8095b31c3a99eec
  Toast: 1f5ea13423a1e6674c4abdac5be53587ae481c4e
  UnityAds: f746f4baac748fcf8b70f0d70c816f6316808d3e
  url_launcher_ios: 5334b05cef931de560670eeae103fd3e431ac3fe
  VungleAds: 97140121d0b909891eb217d1c102a194601da607

PODFILE CHECKSUM: fb126429663fd5d4a2ca7dc5f619e81f7186da81

COCOAPODS: 1.15.2
